// !$*UTF8*$!
{
	archiveVersion = 1;
	classes = {
	};
	objectVersion = 50;
	objects = {

/* Begin PBXBuildFile section */
		7DE6A99A22DDB50A0040A645 /* AppDelegate.m in Sources */ = {isa = PBXBuildFile; fileRef = 7DE6A99922DDB50A0040A645 /* AppDelegate.m */; };
		7DE6A99D22DDB50A0040A645 /* ViewController.m in Sources */ = {isa = PBXBuildFile; fileRef = 7DE6A99C22DDB50A0040A645 /* ViewController.m */; };
		7DE6A9A022DDB50A0040A645 /* Main.storyboard in Resources */ = {isa = PBXBuildFile; fileRef = 7DE6A99E22DDB50A0040A645 /* Main.storyboard */; };
		7DE6A9A222DDB50B0040A645 /* Assets.xcassets in Resources */ = {isa = PBXBuildFile; fileRef = 7DE6A9A122DDB50B0040A645 /* Assets.xcassets */; };
		7DE6A9A522DDB50B0040A645 /* LaunchScreen.storyboard in Resources */ = {isa = PBXBuildFile; fileRef = 7DE6A9A322DDB50B0040A645 /* LaunchScreen.storyboard */; };
		7DE6A9A822DDB50B0040A645 /* main.m in Sources */ = {isa = PBXBuildFile; fileRef = 7DE6A9A722DDB50B0040A645 /* main.m */; };
		7DE6A9B222DDB50B0040A645 /* UIKitterTests.m in Sources */ = {isa = PBXBuildFile; fileRef = 7DE6A9B122DDB50B0040A645 /* UIKitterTests.m */; };
		7DE6A9BD22DDB50B0040A645 /* UIKitterUITests.m in Sources */ = {isa = PBXBuildFile; fileRef = 7DE6A9BC22DDB50B0040A645 /* UIKitterUITests.m */; };
		7DE6A9CF22DDB8540040A645 /* KitterColors.plist in Resources */ = {isa = PBXBuildFile; fileRef = 7DE6A9CE22DDB8540040A645 /* KitterColors.plist */; };
		7DE6A9D122DDB8600040A645 /* KitterFonts.plist in Resources */ = {isa = PBXBuildFile; fileRef = 7DE6A9D022DDB8600040A645 /* KitterFonts.plist */; };
		7DE6A9D422DDBA210040A645 /* UIView+ColorAndFont.m in Sources */ = {isa = PBXBuildFile; fileRef = 7DE6A9D322DDBA210040A645 /* UIView+ColorAndFont.m */; };
		7DE6A9FD22DDCAC00040A645 /* UIImageView+ColorAndFont.m in Sources */ = {isa = PBXBuildFile; fileRef = 7DE6A9F522DDCABF0040A645 /* UIImageView+ColorAndFont.m */; };
		7DE6A9FE22DDCAC00040A645 /* UILabel+ColorAndFont.m in Sources */ = {isa = PBXBuildFile; fileRef = 7DE6A9F622DDCABF0040A645 /* UILabel+ColorAndFont.m */; };
		7DE6A9FF22DDCAC00040A645 /* UIActivityIndicatorView+ColorAndFont.m in Sources */ = {isa = PBXBuildFile; fileRef = 7DE6A9F922DDCAC00040A645 /* UIActivityIndicatorView+ColorAndFont.m */; };
		7DE6AA0022DDCAC00040A645 /* UINavigationBar+ColorAndFont.m in Sources */ = {isa = PBXBuildFile; fileRef = 7DE6A9FA22DDCAC00040A645 /* UINavigationBar+ColorAndFont.m */; };
		7DE6AA0122DDCAC00040A645 /* UITabBar+ColorAndFont.m in Sources */ = {isa = PBXBuildFile; fileRef = 7DE6A9FB22DDCAC00040A645 /* UITabBar+ColorAndFont.m */; };
		7DE6AA0222DDCAC00040A645 /* UIToolbar+ColorAndFont.m in Sources */ = {isa = PBXBuildFile; fileRef = 7DE6A9FC22DDCAC00040A645 /* UIToolbar+ColorAndFont.m */; };
		7DE6AA0522DDCADE0040A645 /* UIProgressView+ColorAndFont.m in Sources */ = {isa = PBXBuildFile; fileRef = 7DE6AA0422DDCADE0040A645 /* UIProgressView+ColorAndFont.m */; };
		7DE6AA0822DDCB2A0040A645 /* UITableViewCell+ColorAndFont.m in Sources */ = {isa = PBXBuildFile; fileRef = 7DE6AA0722DDCB2A0040A645 /* UITableViewCell+ColorAndFont.m */; };
		7DE6AA0B22DDCBA20040A645 /* UISearchBar+ColorAndFont.m in Sources */ = {isa = PBXBuildFile; fileRef = 7DE6AA0A22DDCBA20040A645 /* UISearchBar+ColorAndFont.m */; };
		7DE6AA0E22DDCBE00040A645 /* UIButton+ColorAndFont.m in Sources */ = {isa = PBXBuildFile; fileRef = 7DE6AA0D22DDCBE00040A645 /* UIButton+ColorAndFont.m */; };
		7DE6AA1122DDCC090040A645 /* UIPageControl+ColorAndFont.m in Sources */ = {isa = PBXBuildFile; fileRef = 7DE6AA1022DDCC090040A645 /* UIPageControl+ColorAndFont.m */; };
		7DE6AA1422DDCC5A0040A645 /* UISegmentedControl+ColorAndFont.m in Sources */ = {isa = PBXBuildFile; fileRef = 7DE6AA1322DDCC5A0040A645 /* UISegmentedControl+ColorAndFont.m */; };
		7DE6AA1722DDCC6F0040A645 /* UITextField+ColorAndFont.m in Sources */ = {isa = PBXBuildFile; fileRef = 7DE6AA1622DDCC6F0040A645 /* UITextField+ColorAndFont.m */; };
		7DE6AA1A22DDCC930040A645 /* UISlider+ColorAndFont.m in Sources */ = {isa = PBXBuildFile; fileRef = 7DE6AA1922DDCC930040A645 /* UISlider+ColorAndFont.m */; };
		7DE6AA1D22DDCCAB0040A645 /* UISwitch+ColorAndFont.m in Sources */ = {isa = PBXBuildFile; fileRef = 7DE6AA1C22DDCCAB0040A645 /* UISwitch+ColorAndFont.m */; };
/* End PBXBuildFile section */

/* Begin PBXContainerItemProxy section */
		7DE6A9AE22DDB50B0040A645 /* PBXContainerItemProxy */ = {
			isa = PBXContainerItemProxy;
			containerPortal = 7DE6A98D22DDB50A0040A645 /* Project object */;
			proxyType = 1;
			remoteGlobalIDString = 7DE6A99422DDB50A0040A645;
			remoteInfo = UIKitter;
		};
		7DE6A9B922DDB50B0040A645 /* PBXContainerItemProxy */ = {
			isa = PBXContainerItemProxy;
			containerPortal = 7DE6A98D22DDB50A0040A645 /* Project object */;
			proxyType = 1;
			remoteGlobalIDString = 7DE6A99422DDB50A0040A645;
			remoteInfo = UIKitter;
		};
/* End PBXContainerItemProxy section */

/* Begin PBXFileReference section */
		7D40F91122E163A600162504 /* KitterColorAndFontMacro.h */ = {isa = PBXFileReference; lastKnownFileType = sourcecode.c.h; path = KitterColorAndFontMacro.h; sourceTree = "<group>"; };
		7DE6A99522DDB50A0040A645 /* UIKitter.app */ = {isa = PBXFileReference; explicitFileType = wrapper.application; includeInIndex = 0; path = UIKitter.app; sourceTree = BUILT_PRODUCTS_DIR; };
		7DE6A99822DDB50A0040A645 /* AppDelegate.h */ = {isa = PBXFileReference; lastKnownFileType = sourcecode.c.h; path = AppDelegate.h; sourceTree = "<group>"; };
		7DE6A99922DDB50A0040A645 /* AppDelegate.m */ = {isa = PBXFileReference; lastKnownFileType = sourcecode.c.objc; path = AppDelegate.m; sourceTree = "<group>"; };
		7DE6A99B22DDB50A0040A645 /* ViewController.h */ = {isa = PBXFileReference; lastKnownFileType = sourcecode.c.h; path = ViewController.h; sourceTree = "<group>"; };
		7DE6A99C22DDB50A0040A645 /* ViewController.m */ = {isa = PBXFileReference; lastKnownFileType = sourcecode.c.objc; path = ViewController.m; sourceTree = "<group>"; };
		7DE6A99F22DDB50A0040A645 /* Base */ = {isa = PBXFileReference; lastKnownFileType = file.storyboard; name = Base; path = Base.lproj/Main.storyboard; sourceTree = "<group>"; };
		7DE6A9A122DDB50B0040A645 /* Assets.xcassets */ = {isa = PBXFileReference; lastKnownFileType = folder.assetcatalog; path = Assets.xcassets; sourceTree = "<group>"; };
		7DE6A9A422DDB50B0040A645 /* Base */ = {isa = PBXFileReference; lastKnownFileType = file.storyboard; name = Base; path = Base.lproj/LaunchScreen.storyboard; sourceTree = "<group>"; };
		7DE6A9A622DDB50B0040A645 /* Info.plist */ = {isa = PBXFileReference; lastKnownFileType = text.plist.xml; path = Info.plist; sourceTree = "<group>"; };
		7DE6A9A722DDB50B0040A645 /* main.m */ = {isa = PBXFileReference; lastKnownFileType = sourcecode.c.objc; path = main.m; sourceTree = "<group>"; };
		7DE6A9AD22DDB50B0040A645 /* UIKitterTests.xctest */ = {isa = PBXFileReference; explicitFileType = wrapper.cfbundle; includeInIndex = 0; path = UIKitterTests.xctest; sourceTree = BUILT_PRODUCTS_DIR; };
		7DE6A9B122DDB50B0040A645 /* UIKitterTests.m */ = {isa = PBXFileReference; lastKnownFileType = sourcecode.c.objc; path = UIKitterTests.m; sourceTree = "<group>"; };
		7DE6A9B322DDB50B0040A645 /* Info.plist */ = {isa = PBXFileReference; lastKnownFileType = text.plist.xml; path = Info.plist; sourceTree = "<group>"; };
		7DE6A9B822DDB50B0040A645 /* UIKitterUITests.xctest */ = {isa = PBXFileReference; explicitFileType = wrapper.cfbundle; includeInIndex = 0; path = UIKitterUITests.xctest; sourceTree = BUILT_PRODUCTS_DIR; };
		7DE6A9BC22DDB50B0040A645 /* UIKitterUITests.m */ = {isa = PBXFileReference; lastKnownFileType = sourcecode.c.objc; path = UIKitterUITests.m; sourceTree = "<group>"; };
		7DE6A9BE22DDB50B0040A645 /* Info.plist */ = {isa = PBXFileReference; lastKnownFileType = text.plist.xml; path = Info.plist; sourceTree = "<group>"; };
		7DE6A9CC22DDB7A50040A645 /* UIKitter.h */ = {isa = PBXFileReference; lastKnownFileType = sourcecode.c.h; path = UIKitter.h; sourceTree = "<group>"; };
		7DE6A9CE22DDB8540040A645 /* KitterColors.plist */ = {isa = PBXFileReference; lastKnownFileType = text.plist.xml; path = KitterColors.plist; sourceTree = "<group>"; };
		7DE6A9D022DDB8600040A645 /* KitterFonts.plist */ = {isa = PBXFileReference; lastKnownFileType = text.plist.xml; path = KitterFonts.plist; sourceTree = "<group>"; };
		7DE6A9D222DDBA210040A645 /* UIView+ColorAndFont.h */ = {isa = PBXFileReference; lastKnownFileType = sourcecode.c.h; path = "UIView+ColorAndFont.h"; sourceTree = "<group>"; };
		7DE6A9D322DDBA210040A645 /* UIView+ColorAndFont.m */ = {isa = PBXFileReference; lastKnownFileType = sourcecode.c.objc; path = "UIView+ColorAndFont.m"; sourceTree = "<group>"; };
		7DE6A9D522DDBF160040A645 /* KitterColorAndFont.h */ = {isa = PBXFileReference; lastKnownFileType = sourcecode.c.h; path = KitterColorAndFont.h; sourceTree = "<group>"; };
		7DE6A9F122DDCABF0040A645 /* UILabel+ColorAndFont.h */ = {isa = PBXFileReference; fileEncoding = 4; lastKnownFileType = sourcecode.c.h; path = "UILabel+ColorAndFont.h"; sourceTree = "<group>"; };
		7DE6A9F222DDCABF0040A645 /* UINavigationBar+ColorAndFont.h */ = {isa = PBXFileReference; fileEncoding = 4; lastKnownFileType = sourcecode.c.h; path = "UINavigationBar+ColorAndFont.h"; sourceTree = "<group>"; };
		7DE6A9F322DDCABF0040A645 /* UIToolbar+ColorAndFont.h */ = {isa = PBXFileReference; fileEncoding = 4; lastKnownFileType = sourcecode.c.h; path = "UIToolbar+ColorAndFont.h"; sourceTree = "<group>"; };
		7DE6A9F422DDCABF0040A645 /* UIImageView+ColorAndFont.h */ = {isa = PBXFileReference; fileEncoding = 4; lastKnownFileType = sourcecode.c.h; path = "UIImageView+ColorAndFont.h"; sourceTree = "<group>"; };
		7DE6A9F522DDCABF0040A645 /* UIImageView+ColorAndFont.m */ = {isa = PBXFileReference; fileEncoding = 4; lastKnownFileType = sourcecode.c.objc; path = "UIImageView+ColorAndFont.m"; sourceTree = "<group>"; };
		7DE6A9F622DDCABF0040A645 /* UILabel+ColorAndFont.m */ = {isa = PBXFileReference; fileEncoding = 4; lastKnownFileType = sourcecode.c.objc; path = "UILabel+ColorAndFont.m"; sourceTree = "<group>"; };
		7DE6A9F722DDCAC00040A645 /* UIActivityIndicatorView+ColorAndFont.h */ = {isa = PBXFileReference; fileEncoding = 4; lastKnownFileType = sourcecode.c.h; path = "UIActivityIndicatorView+ColorAndFont.h"; sourceTree = "<group>"; };
		7DE6A9F822DDCAC00040A645 /* UITabBar+ColorAndFont.h */ = {isa = PBXFileReference; fileEncoding = 4; lastKnownFileType = sourcecode.c.h; path = "UITabBar+ColorAndFont.h"; sourceTree = "<group>"; };
		7DE6A9F922DDCAC00040A645 /* UIActivityIndicatorView+ColorAndFont.m */ = {isa = PBXFileReference; fileEncoding = 4; lastKnownFileType = sourcecode.c.objc; path = "UIActivityIndicatorView+ColorAndFont.m"; sourceTree = "<group>"; };
		7DE6A9FA22DDCAC00040A645 /* UINavigationBar+ColorAndFont.m */ = {isa = PBXFileReference; fileEncoding = 4; lastKnownFileType = sourcecode.c.objc; path = "UINavigationBar+ColorAndFont.m"; sourceTree = "<group>"; };
		7DE6A9FB22DDCAC00040A645 /* UITabBar+ColorAndFont.m */ = {isa = PBXFileReference; fileEncoding = 4; lastKnownFileType = sourcecode.c.objc; path = "UITabBar+ColorAndFont.m"; sourceTree = "<group>"; };
		7DE6A9FC22DDCAC00040A645 /* UIToolbar+ColorAndFont.m */ = {isa = PBXFileReference; fileEncoding = 4; lastKnownFileType = sourcecode.c.objc; path = "UIToolbar+ColorAndFont.m"; sourceTree = "<group>"; };
		7DE6AA0322DDCADE0040A645 /* UIProgressView+ColorAndFont.h */ = {isa = PBXFileReference; lastKnownFileType = sourcecode.c.h; path = "UIProgressView+ColorAndFont.h"; sourceTree = "<group>"; };
		7DE6AA0422DDCADE0040A645 /* UIProgressView+ColorAndFont.m */ = {isa = PBXFileReference; lastKnownFileType = sourcecode.c.objc; path = "UIProgressView+ColorAndFont.m"; sourceTree = "<group>"; };
		7DE6AA0622DDCB2A0040A645 /* UITableViewCell+ColorAndFont.h */ = {isa = PBXFileReference; lastKnownFileType = sourcecode.c.h; path = "UITableViewCell+ColorAndFont.h"; sourceTree = "<group>"; };
		7DE6AA0722DDCB2A0040A645 /* UITableViewCell+ColorAndFont.m */ = {isa = PBXFileReference; lastKnownFileType = sourcecode.c.objc; path = "UITableViewCell+ColorAndFont.m"; sourceTree = "<group>"; };
		7DE6AA0922DDCBA20040A645 /* UISearchBar+ColorAndFont.h */ = {isa = PBXFileReference; lastKnownFileType = sourcecode.c.h; path = "UISearchBar+ColorAndFont.h"; sourceTree = "<group>"; };
		7DE6AA0A22DDCBA20040A645 /* UISearchBar+ColorAndFont.m */ = {isa = PBXFileReference; lastKnownFileType = sourcecode.c.objc; path = "UISearchBar+ColorAndFont.m"; sourceTree = "<group>"; };
		7DE6AA0C22DDCBE00040A645 /* UIButton+ColorAndFont.h */ = {isa = PBXFileReference; lastKnownFileType = sourcecode.c.h; path = "UIButton+ColorAndFont.h"; sourceTree = "<group>"; };
		7DE6AA0D22DDCBE00040A645 /* UIButton+ColorAndFont.m */ = {isa = PBXFileReference; lastKnownFileType = sourcecode.c.objc; path = "UIButton+ColorAndFont.m"; sourceTree = "<group>"; };
		7DE6AA0F22DDCC090040A645 /* UIPageControl+ColorAndFont.h */ = {isa = PBXFileReference; lastKnownFileType = sourcecode.c.h; path = "UIPageControl+ColorAndFont.h"; sourceTree = "<group>"; };
		7DE6AA1022DDCC090040A645 /* UIPageControl+ColorAndFont.m */ = {isa = PBXFileReference; lastKnownFileType = sourcecode.c.objc; path = "UIPageControl+ColorAndFont.m"; sourceTree = "<group>"; };
		7DE6AA1222DDCC5A0040A645 /* UISegmentedControl+ColorAndFont.h */ = {isa = PBXFileReference; lastKnownFileType = sourcecode.c.h; path = "UISegmentedControl+ColorAndFont.h"; sourceTree = "<group>"; };
		7DE6AA1322DDCC5A0040A645 /* UISegmentedControl+ColorAndFont.m */ = {isa = PBXFileReference; lastKnownFileType = sourcecode.c.objc; path = "UISegmentedControl+ColorAndFont.m"; sourceTree = "<group>"; };
		7DE6AA1522DDCC6F0040A645 /* UITextField+ColorAndFont.h */ = {isa = PBXFileReference; lastKnownFileType = sourcecode.c.h; path = "UITextField+ColorAndFont.h"; sourceTree = "<group>"; };
		7DE6AA1622DDCC6F0040A645 /* UITextField+ColorAndFont.m */ = {isa = PBXFileReference; lastKnownFileType = sourcecode.c.objc; path = "UITextField+ColorAndFont.m"; sourceTree = "<group>"; };
		7DE6AA1822DDCC930040A645 /* UISlider+ColorAndFont.h */ = {isa = PBXFileReference; lastKnownFileType = sourcecode.c.h; path = "UISlider+ColorAndFont.h"; sourceTree = "<group>"; };
		7DE6AA1922DDCC930040A645 /* UISlider+ColorAndFont.m */ = {isa = PBXFileReference; lastKnownFileType = sourcecode.c.objc; path = "UISlider+ColorAndFont.m"; sourceTree = "<group>"; };
		7DE6AA1B22DDCCAB0040A645 /* UISwitch+ColorAndFont.h */ = {isa = PBXFileReference; lastKnownFileType = sourcecode.c.h; path = "UISwitch+ColorAndFont.h"; sourceTree = "<group>"; };
		7DE6AA1C22DDCCAB0040A645 /* UISwitch+ColorAndFont.m */ = {isa = PBXFileReference; lastKnownFileType = sourcecode.c.objc; path = "UISwitch+ColorAndFont.m"; sourceTree = "<group>"; };
/* End PBXFileReference section */

/* Begin PBXFrameworksBuildPhase section */
		7DE6A99222DDB50A0040A645 /* Frameworks */ = {
			isa = PBXFrameworksBuildPhase;
			buildActionMask = 2147483647;
			files = (
			);
			runOnlyForDeploymentPostprocessing = 0;
		};
		7DE6A9AA22DDB50B0040A645 /* Frameworks */ = {
			isa = PBXFrameworksBuildPhase;
			buildActionMask = 2147483647;
			files = (
			);
			runOnlyForDeploymentPostprocessing = 0;
		};
		7DE6A9B522DDB50B0040A645 /* Frameworks */ = {
			isa = PBXFrameworksBuildPhase;
			buildActionMask = 2147483647;
			files = (
			);
			runOnlyForDeploymentPostprocessing = 0;
		};
/* End PBXFrameworksBuildPhase section */

/* Begin PBXGroup section */
		7DE6A98C22DDB50A0040A645 = {
			isa = PBXGroup;
			children = (
				7DE6A99722DDB50A0040A645 /* UIKitter */,
				7DE6A9B022DDB50B0040A645 /* UIKitterTests */,
				7DE6A9BB22DDB50B0040A645 /* UIKitterUITests */,
				7DE6A99622DDB50A0040A645 /* Products */,
			);
			sourceTree = "<group>";
		};
		7DE6A99622DDB50A0040A645 /* Products */ = {
			isa = PBXGroup;
			children = (
				7DE6A99522DDB50A0040A645 /* UIKitter.app */,
				7DE6A9AD22DDB50B0040A645 /* UIKitterTests.xctest */,
				7DE6A9B822DDB50B0040A645 /* UIKitterUITests.xctest */,
			);
			name = Products;
			sourceTree = "<group>";
		};
		7DE6A99722DDB50A0040A645 /* UIKitter */ = {
			isa = PBXGroup;
			children = (
				7DE6A9CB22DDB6E80040A645 /* UIKitter */,
				7DE6A99822DDB50A0040A645 /* AppDelegate.h */,
				7DE6A99922DDB50A0040A645 /* AppDelegate.m */,
				7DE6A99B22DDB50A0040A645 /* ViewController.h */,
				7DE6A99C22DDB50A0040A645 /* ViewController.m */,
				7DE6A99E22DDB50A0040A645 /* Main.storyboard */,
				7DE6A9A122DDB50B0040A645 /* Assets.xcassets */,
				7DE6A9A322DDB50B0040A645 /* LaunchScreen.storyboard */,
				7DE6A9A622DDB50B0040A645 /* Info.plist */,
				7DE6A9A722DDB50B0040A645 /* main.m */,
			);
			path = UIKitter;
			sourceTree = "<group>";
		};
		7DE6A9B022DDB50B0040A645 /* UIKitterTests */ = {
			isa = PBXGroup;
			children = (
				7DE6A9B122DDB50B0040A645 /* UIKitterTests.m */,
				7DE6A9B322DDB50B0040A645 /* Info.plist */,
			);
			path = UIKitterTests;
			sourceTree = "<group>";
		};
		7DE6A9BB22DDB50B0040A645 /* UIKitterUITests */ = {
			isa = PBXGroup;
			children = (
				7DE6A9BC22DDB50B0040A645 /* UIKitterUITests.m */,
				7DE6A9BE22DDB50B0040A645 /* Info.plist */,
			);
			path = UIKitterUITests;
			sourceTree = "<group>";
		};
		7DE6A9CB22DDB6E80040A645 /* UIKitter */ = {
			isa = PBXGroup;
			children = (
				7DE6A9CD22DDB8270040A645 /* ColorAndFont */,
				7DE6A9CC22DDB7A50040A645 /* UIKitter.h */,
			);
			path = UIKitter;
			sourceTree = "<group>";
		};
		7DE6A9CD22DDB8270040A645 /* ColorAndFont */ = {
			isa = PBXGroup;
			children = (
				7DE6A9CE22DDB8540040A645 /* KitterColors.plist */,
				7DE6A9D022DDB8600040A645 /* KitterFonts.plist */,
				7DE6A9D522DDBF160040A645 /* KitterColorAndFont.h */,
				7D40F91122E163A600162504 /* KitterColorAndFontMacro.h */,
				7DE6A9D222DDBA210040A645 /* UIView+ColorAndFont.h */,
				7DE6A9D322DDBA210040A645 /* UIView+ColorAndFont.m */,
				7DE6A9F722DDCAC00040A645 /* UIActivityIndicatorView+ColorAndFont.h */,
				7DE6A9F922DDCAC00040A645 /* UIActivityIndicatorView+ColorAndFont.m */,
				7DE6A9F422DDCABF0040A645 /* UIImageView+ColorAndFont.h */,
				7DE6A9F522DDCABF0040A645 /* UIImageView+ColorAndFont.m */,
				7DE6A9F122DDCABF0040A645 /* UILabel+ColorAndFont.h */,
				7DE6A9F622DDCABF0040A645 /* UILabel+ColorAndFont.m */,
				7DE6A9F222DDCABF0040A645 /* UINavigationBar+ColorAndFont.h */,
				7DE6A9FA22DDCAC00040A645 /* UINavigationBar+ColorAndFont.m */,
				7DE6A9F822DDCAC00040A645 /* UITabBar+ColorAndFont.h */,
				7DE6A9FB22DDCAC00040A645 /* UITabBar+ColorAndFont.m */,
				7DE6A9F322DDCABF0040A645 /* UIToolbar+ColorAndFont.h */,
				7DE6A9FC22DDCAC00040A645 /* UIToolbar+ColorAndFont.m */,
				7DE6AA0322DDCADE0040A645 /* UIProgressView+ColorAndFont.h */,
				7DE6AA0422DDCADE0040A645 /* UIProgressView+ColorAndFont.m */,
				7DE6AA0622DDCB2A0040A645 /* UITableViewCell+ColorAndFont.h */,
				7DE6AA0722DDCB2A0040A645 /* UITableViewCell+ColorAndFont.m */,
				7DE6AA0922DDCBA20040A645 /* UISearchBar+ColorAndFont.h */,
				7DE6AA0A22DDCBA20040A645 /* UISearchBar+ColorAndFont.m */,
				7DE6AA0C22DDCBE00040A645 /* UIButton+ColorAndFont.h */,
				7DE6AA0D22DDCBE00040A645 /* UIButton+ColorAndFont.m */,
				7DE6AA0F22DDCC090040A645 /* UIPageControl+ColorAndFont.h */,
				7DE6AA1022DDCC090040A645 /* UIPageControl+ColorAndFont.m */,
				7DE6AA1222DDCC5A0040A645 /* UISegmentedControl+ColorAndFont.h */,
				7DE6AA1322DDCC5A0040A645 /* UISegmentedControl+ColorAndFont.m */,
				7DE6AA1522DDCC6F0040A645 /* UITextField+ColorAndFont.h */,
				7DE6AA1622DDCC6F0040A645 /* UITextField+ColorAndFont.m */,
				7DE6AA1822DDCC930040A645 /* UISlider+ColorAndFont.h */,
				7DE6AA1922DDCC930040A645 /* UISlider+ColorAndFont.m */,
				7DE6AA1B22DDCCAB0040A645 /* UISwitch+ColorAndFont.h */,
				7DE6AA1C22DDCCAB0040A645 /* UISwitch+ColorAndFont.m */,
			);
			path = ColorAndFont;
			sourceTree = "<group>";
		};
/* End PBXGroup section */

/* Begin PBXNativeTarget section */
		7DE6A99422DDB50A0040A645 /* UIKitter */ = {
			isa = PBXNativeTarget;
			buildConfigurationList = 7DE6A9C122DDB50B0040A645 /* Build configuration list for PBXNativeTarget "UIKitter" */;
			buildPhases = (
				7DE6A99122DDB50A0040A645 /* Sources */,
				7DE6A99222DDB50A0040A645 /* Frameworks */,
				7DE6A99322DDB50A0040A645 /* Resources */,
			);
			buildRules = (
			);
			dependencies = (
			);
			name = UIKitter;
			productName = UIKitter;
			productReference = 7DE6A99522DDB50A0040A645 /* UIKitter.app */;
			productType = "com.apple.product-type.application";
		};
		7DE6A9AC22DDB50B0040A645 /* UIKitterTests */ = {
			isa = PBXNativeTarget;
			buildConfigurationList = 7DE6A9C422DDB50B0040A645 /* Build configuration list for PBXNativeTarget "UIKitterTests" */;
			buildPhases = (
				7DE6A9A922DDB50B0040A645 /* Sources */,
				7DE6A9AA22DDB50B0040A645 /* Frameworks */,
				7DE6A9AB22DDB50B0040A645 /* Resources */,
			);
			buildRules = (
			);
			dependencies = (
				7DE6A9AF22DDB50B0040A645 /* PBXTargetDependency */,
			);
			name = UIKitterTests;
			productName = UIKitterTests;
			productReference = 7DE6A9AD22DDB50B0040A645 /* UIKitterTests.xctest */;
			productType = "com.apple.product-type.bundle.unit-test";
		};
		7DE6A9B722DDB50B0040A645 /* UIKitterUITests */ = {
			isa = PBXNativeTarget;
			buildConfigurationList = 7DE6A9C722DDB50B0040A645 /* Build configuration list for PBXNativeTarget "UIKitterUITests" */;
			buildPhases = (
				7DE6A9B422DDB50B0040A645 /* Sources */,
				7DE6A9B522DDB50B0040A645 /* Frameworks */,
				7DE6A9B622DDB50B0040A645 /* Resources */,
			);
			buildRules = (
			);
			dependencies = (
				7DE6A9BA22DDB50B0040A645 /* PBXTargetDependency */,
			);
			name = UIKitterUITests;
			productName = UIKitterUITests;
			productReference = 7DE6A9B822DDB50B0040A645 /* UIKitterUITests.xctest */;
			productType = "com.apple.product-type.bundle.ui-testing";
		};
/* End PBXNativeTarget section */

/* Begin PBXProject section */
		7DE6A98D22DDB50A0040A645 /* Project object */ = {
			isa = PBXProject;
			attributes = {
				LastUpgradeCheck = 1020;
				ORGANIZATIONNAME = Cyfuer;
				TargetAttributes = {
					7DE6A99422DDB50A0040A645 = {
						CreatedOnToolsVersion = 10.2.1;
					};
					7DE6A9AC22DDB50B0040A645 = {
						CreatedOnToolsVersion = 10.2.1;
						TestTargetID = 7DE6A99422DDB50A0040A645;
					};
					7DE6A9B722DDB50B0040A645 = {
						CreatedOnToolsVersion = 10.2.1;
						TestTargetID = 7DE6A99422DDB50A0040A645;
					};
				};
			};
			buildConfigurationList = 7DE6A99022DDB50A0040A645 /* Build configuration list for PBXProject "UIKitter" */;
			compatibilityVersion = "Xcode 9.3";
			developmentRegion = en;
			hasScannedForEncodings = 0;
			knownRegions = (
				en,
				Base,
			);
			mainGroup = 7DE6A98C22DDB50A0040A645;
			productRefGroup = 7DE6A99622DDB50A0040A645 /* Products */;
			projectDirPath = "";
			projectRoot = "";
			targets = (
				7DE6A99422DDB50A0040A645 /* UIKitter */,
				7DE6A9AC22DDB50B0040A645 /* UIKitterTests */,
				7DE6A9B722DDB50B0040A645 /* UIKitterUITests */,
			);
		};
/* End PBXProject section */

/* Begin PBXResourcesBuildPhase section */
		7DE6A99322DDB50A0040A645 /* Resources */ = {
			isa = PBXResourcesBuildPhase;
			buildActionMask = 2147483647;
			files = (
				7DE6A9CF22DDB8540040A645 /* KitterColors.plist in Resources */,
				7DE6A9D122DDB8600040A645 /* KitterFonts.plist in Resources */,
				7DE6A9A522DDB50B0040A645 /* LaunchScreen.storyboard in Resources */,
				7DE6A9A222DDB50B0040A645 /* Assets.xcassets in Resources */,
				7DE6A9A022DDB50A0040A645 /* Main.storyboard in Resources */,
			);
			runOnlyForDeploymentPostprocessing = 0;
		};
		7DE6A9AB22DDB50B0040A645 /* Resources */ = {
			isa = PBXResourcesBuildPhase;
			buildActionMask = 2147483647;
			files = (
			);
			runOnlyForDeploymentPostprocessing = 0;
		};
		7DE6A9B622DDB50B0040A645 /* Resources */ = {
			isa = PBXResourcesBuildPhase;
			buildActionMask = 2147483647;
			files = (
			);
			runOnlyForDeploymentPostprocessing = 0;
		};
/* End PBXResourcesBuildPhase section */

/* Begin PBXSourcesBuildPhase section */
		7DE6A99122DDB50A0040A645 /* Sources */ = {
			isa = PBXSourcesBuildPhase;
			buildActionMask = 2147483647;
			files = (
				7DE6AA0022DDCAC00040A645 /* UINavigationBar+ColorAndFont.m in Sources */,
				7DE6AA1A22DDCC930040A645 /* UISlider+ColorAndFont.m in Sources */,
				7DE6AA1422DDCC5A0040A645 /* UISegmentedControl+ColorAndFont.m in Sources */,
				7DE6AA0522DDCADE0040A645 /* UIProgressView+ColorAndFont.m in Sources */,
				7DE6A99D22DDB50A0040A645 /* ViewController.m in Sources */,
				7DE6A9FF22DDCAC00040A645 /* UIActivityIndicatorView+ColorAndFont.m in Sources */,
				7DE6AA1722DDCC6F0040A645 /* UITextField+ColorAndFont.m in Sources */,
				7DE6AA0E22DDCBE00040A645 /* UIButton+ColorAndFont.m in Sources */,
				7DE6AA1D22DDCCAB0040A645 /* UISwitch+ColorAndFont.m in Sources */,
				7DE6A9FE22DDCAC00040A645 /* UILabel+ColorAndFont.m in Sources */,
				7DE6A9D422DDBA210040A645 /* UIView+ColorAndFont.m in Sources */,
				7DE6A9FD22DDCAC00040A645 /* UIImageView+ColorAndFont.m in Sources */,
				7DE6AA0222DDCAC00040A645 /* UIToolbar+ColorAndFont.m in Sources */,
				7DE6A9A822DDB50B0040A645 /* main.m in Sources */,
				7DE6AA0122DDCAC00040A645 /* UITabBar+ColorAndFont.m in Sources */,
				7DE6AA1122DDCC090040A645 /* UIPageControl+ColorAndFont.m in Sources */,
				7DE6AA0822DDCB2A0040A645 /* UITableViewCell+ColorAndFont.m in Sources */,
				7DE6A99A22DDB50A0040A645 /* AppDelegate.m in Sources */,
				7DE6AA0B22DDCBA20040A645 /* UISearchBar+ColorAndFont.m in Sources */,
			);
			runOnlyForDeploymentPostprocessing = 0;
		};
		7DE6A9A922DDB50B0040A645 /* Sources */ = {
			isa = PBXSourcesBuildPhase;
			buildActionMask = 2147483647;
			files = (
				7DE6A9B222DDB50B0040A645 /* UIKitterTests.m in Sources */,
			);
			runOnlyForDeploymentPostprocessing = 0;
		};
		7DE6A9B422DDB50B0040A645 /* Sources */ = {
			isa = PBXSourcesBuildPhase;
			buildActionMask = 2147483647;
			files = (
				7DE6A9BD22DDB50B0040A645 /* UIKitterUITests.m in Sources */,
			);
			runOnlyForDeploymentPostprocessing = 0;
		};
/* End PBXSourcesBuildPhase section */

/* Begin PBXTargetDependency section */
		7DE6A9AF22DDB50B0040A645 /* PBXTargetDependency */ = {
			isa = PBXTargetDependency;
			target = 7DE6A99422DDB50A0040A645 /* UIKitter */;
			targetProxy = 7DE6A9AE22DDB50B0040A645 /* PBXContainerItemProxy */;
		};
		7DE6A9BA22DDB50B0040A645 /* PBXTargetDependency */ = {
			isa = PBXTargetDependency;
			target = 7DE6A99422DDB50A0040A645 /* UIKitter */;
			targetProxy = 7DE6A9B922DDB50B0040A645 /* PBXContainerItemProxy */;
		};
/* End PBXTargetDependency section */

/* Begin PBXVariantGroup section */
		7DE6A99E22DDB50A0040A645 /* Main.storyboard */ = {
			isa = PBXVariantGroup;
			children = (
				7DE6A99F22DDB50A0040A645 /* Base */,
			);
			name = Main.storyboard;
			sourceTree = "<group>";
		};
		7DE6A9A322DDB50B0040A645 /* LaunchScreen.storyboard */ = {
			isa = PBXVariantGroup;
			children = (
				7DE6A9A422DDB50B0040A645 /* Base */,
			);
			name = LaunchScreen.storyboard;
			sourceTree = "<group>";
		};
/* End PBXVariantGroup section */

/* Begin XCBuildConfiguration section */
		7DE6A9BF22DDB50B0040A645 /* Debug */ = {
			isa = XCBuildConfiguration;
			buildSettings = {
				ALWAYS_SEARCH_USER_PATHS = NO;
				CLANG_ANALYZER_NONNULL = YES;
				CLANG_ANALYZER_NUMBER_OBJECT_CONVERSION = YES_AGGRESSIVE;
				CLANG_CXX_LANGUAGE_STANDARD = "gnu++14";
				CLANG_CXX_LIBRARY = "libc++";
				CLANG_ENABLE_MODULES = YES;
				CLANG_ENABLE_OBJC_ARC = YES;
				CLANG_ENABLE_OBJC_WEAK = YES;
				CLANG_WARN_BLOCK_CAPTURE_AUTORELEASING = YES;
				CLANG_WARN_BOOL_CONVERSION = YES;
				CLANG_WARN_COMMA = YES;
				CLANG_WARN_CONSTANT_CONVERSION = YES;
				CLANG_WARN_DEPRECATED_OBJC_IMPLEMENTATIONS = YES;
				CLANG_WARN_DIRECT_OBJC_ISA_USAGE = YES_ERROR;
				CLANG_WARN_DOCUMENTATION_COMMENTS = YES;
				CLANG_WARN_EMPTY_BODY = YES;
				CLANG_WARN_ENUM_CONVERSION = YES;
				CLANG_WARN_INFINITE_RECURSION = YES;
				CLANG_WARN_INT_CONVERSION = YES;
				CLANG_WARN_NON_LITERAL_NULL_CONVERSION = YES;
				CLANG_WARN_OBJC_IMPLICIT_RETAIN_SELF = YES;
				CLANG_WARN_OBJC_LITERAL_CONVERSION = YES;
				CLANG_WARN_OBJC_ROOT_CLASS = YES_ERROR;
				CLANG_WARN_RANGE_LOOP_ANALYSIS = YES;
				CLANG_WARN_STRICT_PROTOTYPES = YES;
				CLANG_WARN_SUSPICIOUS_MOVE = YES;
				CLANG_WARN_UNGUARDED_AVAILABILITY = YES_AGGRESSIVE;
				CLANG_WARN_UNREACHABLE_CODE = YES;
				CLANG_WARN__DUPLICATE_METHOD_MATCH = YES;
				CODE_SIGN_IDENTITY = "iPhone Developer";
				COPY_PHASE_STRIP = NO;
				DEBUG_INFORMATION_FORMAT = dwarf;
				ENABLE_STRICT_OBJC_MSGSEND = YES;
				ENABLE_TESTABILITY = YES;
				GCC_C_LANGUAGE_STANDARD = gnu11;
				GCC_DYNAMIC_NO_PIC = NO;
				GCC_NO_COMMON_BLOCKS = YES;
				GCC_OPTIMIZATION_LEVEL = 0;
				GCC_PREPROCESSOR_DEFINITIONS = (
					"DEBUG=1",
					"$(inherited)",
				);
				GCC_WARN_64_TO_32_BIT_CONVERSION = YES;
				GCC_WARN_ABOUT_RETURN_TYPE = YES_ERROR;
				GCC_WARN_UNDECLARED_SELECTOR = YES;
				GCC_WARN_UNINITIALIZED_AUTOS = YES_AGGRESSIVE;
				GCC_WARN_UNUSED_FUNCTION = YES;
				GCC_WARN_UNUSED_VARIABLE = YES;
				IPHONEOS_DEPLOYMENT_TARGET = 12.2;
				MTL_ENABLE_DEBUG_INFO = INCLUDE_SOURCE;
				MTL_FAST_MATH = YES;
				ONLY_ACTIVE_ARCH = YES;
				SDKROOT = iphoneos;
			};
			name = Debug;
		};
		7DE6A9C022DDB50B0040A645 /* Release */ = {
			isa = XCBuildConfiguration;
			buildSettings = {
				ALWAYS_SEARCH_USER_PATHS = NO;
				CLANG_ANALYZER_NONNULL = YES;
				CLANG_ANALYZER_NUMBER_OBJECT_CONVERSION = YES_AGGRESSIVE;
				CLANG_CXX_LANGUAGE_STANDARD = "gnu++14";
				CLANG_CXX_LIBRARY = "libc++";
				CLANG_ENABLE_MODULES = YES;
				CLANG_ENABLE_OBJC_ARC = YES;
				CLANG_ENABLE_OBJC_WEAK = YES;
				CLANG_WARN_BLOCK_CAPTURE_AUTORELEASING = YES;
				CLANG_WARN_BOOL_CONVERSION = YES;
				CLANG_WARN_COMMA = YES;
				CLANG_WARN_CONSTANT_CONVERSION = YES;
				CLANG_WARN_DEPRECATED_OBJC_IMPLEMENTATIONS = YES;
				CLANG_WARN_DIRECT_OBJC_ISA_USAGE = YES_ERROR;
				CLANG_WARN_DOCUMENTATION_COMMENTS = YES;
				CLANG_WARN_EMPTY_BODY = YES;
				CLANG_WARN_ENUM_CONVERSION = YES;
				CLANG_WARN_INFINITE_RECURSION = YES;
				CLANG_WARN_INT_CONVERSION = YES;
				CLANG_WARN_NON_LITERAL_NULL_CONVERSION = YES;
				CLANG_WARN_OBJC_IMPLICIT_RETAIN_SELF = YES;
				CLANG_WARN_OBJC_LITERAL_CONVERSION = YES;
				CLANG_WARN_OBJC_ROOT_CLASS = YES_ERROR;
				CLANG_WARN_RANGE_LOOP_ANALYSIS = YES;
				CLANG_WARN_STRICT_PROTOTYPES = YES;
				CLANG_WARN_SUSPICIOUS_MOVE = YES;
				CLANG_WARN_UNGUARDED_AVAILABILITY = YES_AGGRESSIVE;
				CLANG_WARN_UNREACHABLE_CODE = YES;
				CLANG_WARN__DUPLICATE_METHOD_MATCH = YES;
				CODE_SIGN_IDENTITY = "iPhone Developer";
				COPY_PHASE_STRIP = NO;
				DEBUG_INFORMATION_FORMAT = "dwarf-with-dsym";
				ENABLE_NS_ASSERTIONS = NO;
				ENABLE_STRICT_OBJC_MSGSEND = YES;
				GCC_C_LANGUAGE_STANDARD = gnu11;
				GCC_NO_COMMON_BLOCKS = YES;
				GCC_WARN_64_TO_32_BIT_CONVERSION = YES;
				GCC_WARN_ABOUT_RETURN_TYPE = YES_ERROR;
				GCC_WARN_UNDECLARED_SELECTOR = YES;
				GCC_WARN_UNINITIALIZED_AUTOS = YES_AGGRESSIVE;
				GCC_WARN_UNUSED_FUNCTION = YES;
				GCC_WARN_UNUSED_VARIABLE = YES;
				IPHONEOS_DEPLOYMENT_TARGET = 12.2;
				MTL_ENABLE_DEBUG_INFO = NO;
				MTL_FAST_MATH = YES;
				SDKROOT = iphoneos;
				VALIDATE_PRODUCT = YES;
			};
			name = Release;
		};
		7DE6A9C222DDB50B0040A645 /* Debug */ = {
			isa = XCBuildConfiguration;
			buildSettings = {
				ASSETCATALOG_COMPILER_APPICON_NAME = AppIcon;
				CODE_SIGN_STYLE = Automatic;
				INFOPLIST_FILE = UIKitter/Info.plist;
				LD_RUNPATH_SEARCH_PATHS = (
					"$(inherited)",
					"@executable_path/Frameworks",
				);
				PRODUCT_BUNDLE_IDENTIFIER = com.cyfuer.www.UIKitter;
				PRODUCT_NAME = "$(TARGET_NAME)";
				TARGETED_DEVICE_FAMILY = "1,2";
			};
			name = Debug;
		};
		7DE6A9C322DDB50B0040A645 /* Release */ = {
			isa = XCBuildConfiguration;
			buildSettings = {
				ASSETCATALOG_COMPILER_APPICON_NAME = AppIcon;
				CODE_SIGN_STYLE = Automatic;
				INFOPLIST_FILE = UIKitter/Info.plist;
				LD_RUNPATH_SEARCH_PATHS = (
					"$(inherited)",
					"@executable_path/Frameworks",
				);
				PRODUCT_BUNDLE_IDENTIFIER = com.cyfuer.www.UIKitter;
				PRODUCT_NAME = "$(TARGET_NAME)";
				TARGETED_DEVICE_FAMILY = "1,2";
			};
			name = Release;
		};
		7DE6A9C522DDB50B0040A645 /* Debug */ = {
			isa = XCBuildConfiguration;
			buildSettings = {
				BUNDLE_LOADER = "$(TEST_HOST)";
				CODE_SIGN_STYLE = Automatic;
				INFOPLIST_FILE = UIKitterTests/Info.plist;
				LD_RUNPATH_SEARCH_PATHS = (
					"$(inherited)",
					"@executable_path/Frameworks",
					"@loader_path/Frameworks",
				);
				PRODUCT_BUNDLE_IDENTIFIER = com.cyfuer.www.UIKitterTests;
				PRODUCT_NAME = "$(TARGET_NAME)";
				TARGETED_DEVICE_FAMILY = "1,2";
				TEST_HOST = "$(BUILT_PRODUCTS_DIR)/UIKitter.app/UIKitter";
			};
			name = Debug;
		};
		7DE6A9C622DDB50B0040A645 /* Release */ = {
			isa = XCBuildConfiguration;
			buildSettings = {
				BUNDLE_LOADER = "$(TEST_HOST)";
				CODE_SIGN_STYLE = Automatic;
				INFOPLIST_FILE = UIKitterTests/Info.plist;
				LD_RUNPATH_SEARCH_PATHS = (
					"$(inherited)",
					"@executable_path/Frameworks",
					"@loader_path/Frameworks",
				);
				PRODUCT_BUNDLE_IDENTIFIER = com.cyfuer.www.UIKitterTests;
				PRODUCT_NAME = "$(TARGET_NAME)";
				TARGETED_DEVICE_FAMILY = "1,2";
				TEST_HOST = "$(BUILT_PRODUCTS_DIR)/UIKitter.app/UIKitter";
			};
			name = Release;
		};
		7DE6A9C822DDB50B0040A645 /* Debug */ = {
			isa = XCBuildConfiguration;
			buildSettings = {
				CODE_SIGN_STYLE = Automatic;
				INFOPLIST_FILE = UIKitterUITests/Info.plist;
				LD_RUNPATH_SEARCH_PATHS = (
					"$(inherited)",
					"@executable_path/Frameworks",
					"@loader_path/Frameworks",
				);
				PRODUCT_BUNDLE_IDENTIFIER = com.cyfuer.www.UIKitterUITests;
				PRODUCT_NAME = "$(TARGET_NAME)";
				TARGETED_DEVICE_FAMILY = "1,2";
				TEST_TARGET_NAME = UIKitter;
			};
			name = Debug;
		};
		7DE6A9C922DDB50B0040A645 /* Release */ = {
			isa = XCBuildConfiguration;
			buildSettings = {
				CODE_SIGN_STYLE = Automatic;
				INFOPLIST_FILE = UIKitterUITests/Info.plist;
				LD_RUNPATH_SEARCH_PATHS = (
					"$(inherited)",
					"@executable_path/Frameworks",
					"@loader_path/Frameworks",
				);
				PRODUCT_BUNDLE_IDENTIFIER = com.cyfuer.www.UIKitterUITests;
				PRODUCT_NAME = "$(TARGET_NAME)";
				TARGETED_DEVICE_FAMILY = "1,2";
				TEST_TARGET_NAME = UIKitter;
			};
			name = Release;
		};
/* End XCBuildConfiguration section */

/* Begin XCConfigurationList section */
		7DE6A99022DDB50A0040A645 /* Build configuration list for PBXProject "UIKitter" */ = {
			isa = XCConfigurationList;
			buildConfigurations = (
				7DE6A9BF22DDB50B0040A645 /* Debug */,
				7DE6A9C022DDB50B0040A645 /* Release */,
			);
			defaultConfigurationIsVisible = 0;
			defaultConfigurationName = Release;
		};
		7DE6A9C122DDB50B0040A645 /* Build configuration list for PBXNativeTarget "UIKitter" */ = {
			isa = XCConfigurationList;
			buildConfigurations = (
				7DE6A9C222DDB50B0040A645 /* Debug */,
				7DE6A9C322DDB50B0040A645 /* Release */,
			);
			defaultConfigurationIsVisible = 0;
			defaultConfigurationName = Release;
		};
		7DE6A9C422DDB50B0040A645 /* Build configuration list for PBXNativeTarget "UIKitterTests" */ = {
			isa = XCConfigurationList;
			buildConfigurations = (
				7DE6A9C522DDB50B0040A645 /* Debug */,
				7DE6A9C622DDB50B0040A645 /* Release */,
			);
			defaultConfigurationIsVisible = 0;
			defaultConfigurationName = Release;
		};
		7DE6A9C722DDB50B0040A645 /* Build configuration list for PBXNativeTarget "UIKitterUITests" */ = {
			isa = XCConfigurationList;
			buildConfigurations = (
				7DE6A9C822DDB50B0040A645 /* Debug */,
				7DE6A9C922DDB50B0040A645 /* Release */,
			);
			defaultConfigurationIsVisible = 0;
			defaultConfigurationName = Release;
		};
/* End XCConfigurationList section */
	};
	rootObject = 7DE6A98D22DDB50A0040A645 /* Project object */;
}
